
Microsoft Visual Studio Solution File, Format Version 12.00
# Visual Studio Version 16
VisualStudioVersion = 16.0.30320.27
MinimumVisualStudioVersion = 10.0.40219.1
Project("{FAE04EC0-301F-11D3-BF4B-00C04F79EFBC}") = "MeyaMabsStockControl", "MeyaMabsStockControl\MeyaMabsStockControl.csproj", "{F97E9D94-5F8D-4D6D-B5EA-615916996E5C}"
EndProject
Project("{2150E333-8FDC-42A3-9474-1A3956D46DE8}") = "Solution Items", "Solution Items", "{7C800783-F020-4573-8AE0-CD9C2579E746}"
	ProjectSection(SolutionItems) = preProject
		.editorconfig = .editorconfig
	EndProjectSection
EndProject
Global
	GlobalSection(SolutionConfigurationPlatforms) = preSolution
		Debug|Any CPU = Debug|Any CPU
		Release|Any CPU = Release|Any CPU
	EndGlobalSection
	GlobalSection(ProjectConfigurationPlatforms) = postSolution
		{F97E9D94-5F8D-4D6D-B5EA-615916996E5C}.Debug|Any CPU.ActiveCfg = Debug|Any CPU
		{F97E9D94-5F8D-4D6D-B5EA-615916996E5C}.Debug|Any CPU.Build.0 = Debug|Any CPU
		{F97E9D94-5F8D-4D6D-B5EA-615916996E5C}.Release|Any CPU.ActiveCfg = Release|Any CPU
		{F97E9D94-5F8D-4D6D-B5EA-615916996E5C}.Release|Any CPU.Build.0 = Release|Any CPU
	EndGlobalSection
	GlobalSection(SolutionProperties) = preSolution
		HideSolutionNode = FALSE
	EndGlobalSection
	GlobalSection(ExtensibilityGlobals) = postSolution
		SolutionGuid = {EAD7F0D8-32F4-4F49-B040-75A8C68BC531}
	EndGlobalSection
EndGlobal
